
Microsoft Visual Studio Solution File, Format Version 12.00
Project("{FAE04EC0-301F-11D3-BF4B-00C04F79EFBC}") = "Implementation", "Implementation\Implementation.csproj", "{7E71B58C-4B30-450F-87AC-819C04EC899E}"
EndProject
Project("{FAE04EC0-301F-11D3-BF4B-00C04F79EFBC}") = "Runner", "Runner\Runner.csproj", "{8A9DCD2B-2230-44AA-859C-FC55073D7AB6}"
EndProject
Project("{FAE04EC0-301F-11D3-BF4B-00C04F79EFBC}") = "Common", "Common\Common.csproj", "{F682D05E-F8A3-4D7A-8DB2-ACFC5955F510}"
EndProject
Global
	GlobalSection(SolutionConfigurationPlatforms) = preSolution
		Debug|Any CPU = Debug|Any CPU
		Release|Any CPU = Release|Any CPU
	EndGlobalSection
	GlobalSection(ProjectConfigurationPlatforms) = postSolution
		{7E71B58C-4B30-450F-87AC-819C04EC899E}.Debug|Any CPU.ActiveCfg = Debug|Any CPU
		{7E71B58C-4B30-450F-87AC-819C04EC899E}.Debug|Any CPU.Build.0 = Debug|Any CPU
		{7E71B58C-4B30-450F-87AC-819C04EC899E}.Release|Any CPU.ActiveCfg = Release|Any CPU
		{7E71B58C-4B30-450F-87AC-819C04EC899E}.Release|Any CPU.Build.0 = Release|Any CPU
		{8A9DCD2B-2230-44AA-859C-FC55073D7AB6}.Debug|Any CPU.ActiveCfg = Debug|Any CPU
		{8A9DCD2B-2230-44AA-859C-FC55073D7AB6}.Debug|Any CPU.Build.0 = Debug|Any CPU
		{8A9DCD2B-2230-44AA-859C-FC55073D7AB6}.Release|Any CPU.ActiveCfg = Release|Any CPU
		{8A9DCD2B-2230-44AA-859C-FC55073D7AB6}.Release|Any CPU.Build.0 = Release|Any CPU
		{F682D05E-F8A3-4D7A-8DB2-ACFC5955F510}.Debug|Any CPU.ActiveCfg = Debug|Any CPU
		{F682D05E-F8A3-4D7A-8DB2-ACFC5955F510}.Debug|Any CPU.Build.0 = Debug|Any CPU
		{F682D05E-F8A3-4D7A-8DB2-ACFC5955F510}.Release|Any CPU.ActiveCfg = Release|Any CPU
		{F682D05E-F8A3-4D7A-8DB2-ACFC5955F510}.Release|Any CPU.Build.0 = Release|Any CPU
	EndGlobalSection
EndGlobal
